
Microsoft Visual Studio Solution File, Format Version 12.00
# Visual Studio Version 17
VisualStudioVersion = 17.10.35122.118
MinimumVisualStudioVersion = 10.0.40219.1
Project("{FAE04EC0-301F-11D3-BF4B-00C04F79EFBC}") = "JokesWebApp", "JokesWebApp.csproj", "{439F8634-0D1A-4E81-9D74-674F9D30A0B8}"
EndProject
Global
	GlobalSection(SolutionConfigurationPlatforms) = preSolution
		Debug|Any CPU = Debug|Any CPU
		Release|Any CPU = Release|Any CPU
	EndGlobalSection
	GlobalSection(ProjectConfigurationPlatforms) = postSolution
		{439F8634-0D1A-4E81-9D74-674F9D30A0B8}.Debug|Any CPU.ActiveCfg = Debug|Any CPU
		{439F8634-0D1A-4E81-9D74-674F9D30A0B8}.Debug|Any CPU.Build.0 = Debug|Any CPU
		{439F8634-0D1A-4E81-9D74-674F9D30A0B8}.Release|Any CPU.ActiveCfg = Release|Any CPU
		{439F8634-0D1A-4E81-9D74-674F9D30A0B8}.Release|Any CPU.Build.0 = Release|Any CPU
	EndGlobalSection
	GlobalSection(SolutionProperties) = preSolution
		HideSolutionNode = FALSE
	EndGlobalSection
	GlobalSection(ExtensibilityGlobals) = postSolution
		SolutionGuid = {908859CF-FF09-4BB2-9E1F-DB465C564F2F}
	EndGlobalSection
EndGlobal
